
Microsoft Visual Studio Solution File, Format Version 12.00
# Visual Studio 15
VisualStudioVersion = 15.0.28307.329
MinimumVisualStudioVersion = 10.0.40219.1
Project("{FAE04EC0-301F-11D3-BF4B-00C04F79EFBC}") = "UnitTestBankAccountSample", "UnitTestBankAccountSample\UnitTestBankAccountSample.csproj", "{02DD69E9-5B69-4846-B8F7-F2CC95D36859}"
EndProject
Project("{FAE04EC0-301F-11D3-BF4B-00C04F79EFBC}") = "UnitTestBankAccountSampleTests", "UnitTestBankAccountSampleTests\UnitTestBankAccountSampleTests.csproj", "{BAA0AEFC-0FE1-4B60-A672-1C42932710F5}"
EndProject
Global
	GlobalSection(SolutionConfigurationPlatforms) = preSolution
		Debug|Any CPU = Debug|Any CPU
		Release|Any CPU = Release|Any CPU
	EndGlobalSection
	GlobalSection(ProjectConfigurationPlatforms) = postSolution
		{02DD69E9-5B69-4846-B8F7-F2CC95D36859}.Debug|Any CPU.ActiveCfg = Debug|Any CPU
		{02DD69E9-5B69-4846-B8F7-F2CC95D36859}.Debug|Any CPU.Build.0 = Debug|Any CPU
		{02DD69E9-5B69-4846-B8F7-F2CC95D36859}.Release|Any CPU.ActiveCfg = Release|Any CPU
		{02DD69E9-5B69-4846-B8F7-F2CC95D36859}.Release|Any CPU.Build.0 = Release|Any CPU
		{BAA0AEFC-0FE1-4B60-A672-1C42932710F5}.Debug|Any CPU.ActiveCfg = Debug|Any CPU
		{BAA0AEFC-0FE1-4B60-A672-1C42932710F5}.Debug|Any CPU.Build.0 = Debug|Any CPU
		{BAA0AEFC-0FE1-4B60-A672-1C42932710F5}.Release|Any CPU.ActiveCfg = Release|Any CPU
		{BAA0AEFC-0FE1-4B60-A672-1C42932710F5}.Release|Any CPU.Build.0 = Release|Any CPU
	EndGlobalSection
	GlobalSection(SolutionProperties) = preSolution
		HideSolutionNode = FALSE
	EndGlobalSection
	GlobalSection(ExtensibilityGlobals) = postSolution
		SolutionGuid = {91838BD8-3117-47FB-A42C-C3F5F0711F14}
	EndGlobalSection
EndGlobal
